<?xml version="1.0" encoding="utf-8"?>
<Project ToolsVersion="4.0" xmlns="http://schemas.microsoft.com/developer/msbuild/2003">
  <ItemGroup>
    <Filter Include="源文件">
      <UniqueIdentifier>{4FC737F1-C7A5-4376-A066-2A32D752A2FF}</UniqueIdentifier>
      <Extensions>cpp;c;cc;cxx;c++;cppm;ixx;def;odl;idl;hpj;bat;asm;asmx</Extensions>
    </Filter>
    <Filter Include="头文件">
      <UniqueIdentifier>{93995380-89BD-4b04-88EB-625FBE52EBFB}</UniqueIdentifier>
      <Extensions>h;hh;hpp;hxx;h++;hm;inl;inc;ipp;xsd</Extensions>
    </Filter>
    <Filter Include="资源文件">
      <UniqueIdentifier>{67DA6AB6-F800-4c08-8B7A-83BB121AAD01}</UniqueIdentifier>
      <Extensions>rc;ico;cur;bmp;dlg;rc2;rct;bin;rgs;gif;jpg;jpeg;jpe;resx;tiff;tif;png;wav;mfcribbon-ms</Extensions>
    </Filter>
    <Filter Include="头文件\BCKFile">
      <UniqueIdentifier>{124f5bd9-02a2-44b9-b508-91c9da86da17}</UniqueIdentifier>
    </Filter>
    <Filter Include="头文件\ToMCF">
      <UniqueIdentifier>{84276c30-54eb-427f-80b8-2f9e1add99e5}</UniqueIdentifier>
    </Filter>
  </ItemGroup>
  <ItemGroup>
    <ClCompile Include="TemplateTool.cpp">
      <Filter>源文件</Filter>
    </ClCompile>
    <ClCompile Include="include\src\io\izlibstream.cpp">
      <Filter>源文件</Filter>
    </ClCompile>
    <ClCompile Include="include\src\io\ozlibstream.cpp">
      <Filter>源文件</Filter>
    </ClCompile>
    <ClCompile Include="include\src\io\stream_reader.cpp">
      <Filter>源文件</Filter>
    </ClCompile>
    <ClCompile Include="include\src\io\stream_writer.cpp">
      <Filter>源文件</Filter>
    </ClCompile>
    <ClCompile Include="include\src\text\json_formatter.cpp">
      <Filter>源文件</Filter>
    </ClCompile>
    <ClCompile Include="include\src\endian_str.cpp">
      <Filter>源文件</Filter>
    </ClCompile>
    <ClCompile Include="include\src\tag.cpp">
      <Filter>源文件</Filter>
    </ClCompile>
    <ClCompile Include="include\src\tag_compound.cpp">
      <Filter>源文件</Filter>
    </ClCompile>
    <ClCompile Include="include\src\tag_list.cpp">
      <Filter>源文件</Filter>
    </ClCompile>
    <ClCompile Include="include\src\tag_string.cpp">
      <Filter>源文件</Filter>
    </ClCompile>
    <ClCompile Include="include\src\value.cpp">
      <Filter>源文件</Filter>
    </ClCompile>
    <ClCompile Include="include\src\value_initializer.cpp">
      <Filter>源文件</Filter>
    </ClCompile>
    <ClCompile Include="SchematicToBCF.hpp">
      <Filter>源文件</Filter>
    </ClCompile>
  </ItemGroup>
  <ItemGroup>
    <ClInclude Include="SubChunkUtils.hpp">
      <Filter>头文件\BCKFile</Filter>
    </ClInclude>
    <ClInclude Include="bcf_io.hpp">
      <Filter>头文件\BCKFile</Filter>
    </ClInclude>
    <ClInclude Include="bcf_structs.hpp">
      <Filter>头文件\BCKFile</Filter>
    </ClInclude>
    <ClInclude Include="BCFCachedWriter.hpp">
      <Filter>头文件\BCKFile</Filter>
    </ClInclude>
    <ClInclude Include="BCFStreamReader.hpp">
      <Filter>头文件\BCKFile</Filter>
    </ClInclude>
    <ClInclude Include="BCFUtils.hpp">
      <Filter>头文件\BCKFile</Filter>
    </ClInclude>
    <ClInclude Include="BlockUtils.hpp">
      <Filter>头文件\BCKFile</Filter>
    </ClInclude>
    <ClInclude Include="RegionMergeUtils.hpp">
      <Filter>头文件\BCKFile</Filter>
    </ClInclude>
    <ClInclude Include="McstructureToBCF.hpp">
      <Filter>头文件\ToMCF</Filter>
    </ClInclude>
    <ClInclude Include="include\io\izlibstream.h">
      <Filter>头文件</Filter>
    </ClInclude>
    <ClInclude Include="include\io\ozlibstream.h">
      <Filter>头文件</Filter>
    </ClInclude>
    <ClInclude Include="include\io\stream_reader.h">
      <Filter>头文件</Filter>
    </ClInclude>
    <ClInclude Include="include\io\stream_writer.h">
      <Filter>头文件</Filter>
    </ClInclude>
    <ClInclude Include="include\io\zlib_streambuf.h">
      <Filter>头文件</Filter>
    </ClInclude>
    <ClInclude Include="include\mcnbt\be\block_entity\banner_bed.hpp">
      <Filter>头文件</Filter>
    </ClInclude>
    <ClInclude Include="include\mcnbt\be\block_entity\beacon_bed.hpp">
      <Filter>头文件</Filter>
    </ClInclude>
    <ClInclude Include="include\mcnbt\be\block_entity\beehive_and_bee_nest_bed.hpp">
      <Filter>头文件</Filter>
    </ClInclude>
    <ClInclude Include="include\mcnbt\be\block_entity\bell_bed.hpp">
      <Filter>头文件</Filter>
    </ClInclude>
    <ClInclude Include="include\mcnbt\be\block_entity\brewing_stand_bed.hpp">
      <Filter>头文件</Filter>
    </ClInclude>
    <ClInclude Include="include\mcnbt\be\block_entity\command_block_bed.hpp">
      <Filter>头文件</Filter>
    </ClInclude>
    <ClInclude Include="include\mcnbt\be\block_entity\common_block_entity_data.hpp">
      <Filter>头文件</Filter>
    </ClInclude>
    <ClInclude Include="include\mcnbt\be\block_entity\structure_block_bed.hpp">
      <Filter>头文件</Filter>
    </ClInclude>
    <ClInclude Include="include\mcnbt\be\block_state\command_block_bsd.hpp">
      <Filter>头文件</Filter>
    </ClInclude>
    <ClInclude Include="include\mcnbt\be\block_state\common_block_state_data.hpp">
      <Filter>头文件</Filter>
    </ClInclude>
    <ClInclude Include="include\mcnbt\be\block_state\structure_block_bsd.hpp">
      <Filter>头文件</Filter>
    </ClInclude>
    <ClInclude Include="include\mcnbt\be\entity\common_entity_data.hpp">
      <Filter>头文件</Filter>
    </ClInclude>
    <ClInclude Include="include\mcnbt\be\enums\biome.hpp">
      <Filter>头文件</Filter>
    </ClInclude>
    <ClInclude Include="include\mcnbt\be\enums\color.hpp">
      <Filter>头文件</Filter>
    </ClInclude>
    <ClInclude Include="include\mcnbt\be\enums\effect.hpp">
      <Filter>头文件</Filter>
    </ClInclude>
    <ClInclude Include="include\mcnbt\be\enums\enhance.hpp">
      <Filter>头文件</Filter>
    </ClInclude>
    <ClInclude Include="include\mcnbt\be\item\common_item_data.hpp">
      <Filter>头文件</Filter>
    </ClInclude>
    <ClInclude Include="include\mcnbt\be\block_entity.hpp">
      <Filter>头文件</Filter>
    </ClInclude>
    <ClInclude Include="include\mcnbt\be\block_state.hpp">
      <Filter>头文件</Filter>
    </ClInclude>
    <ClInclude Include="include\mcnbt\be\entity.hpp">
      <Filter>头文件</Filter>
    </ClInclude>
    <ClInclude Include="include\mcnbt\be\item.hpp">
      <Filter>头文件</Filter>
    </ClInclude>
    <ClInclude Include="include\mcnbt\be\mcstructure.hpp">
      <Filter>头文件</Filter>
    </ClInclude>
    <ClInclude Include="include\mcnbt\gzip.hpp">
      <Filter>头文件</Filter>
    </ClInclude>
    <ClInclude Include="include\mcnbt\mcnbt.hpp">
      <Filter>头文件</Filter>
    </ClInclude>
    <ClInclude Include="include\text\json_formatter.h">
      <Filter>头文件</Filter>
    </ClInclude>
    <ClInclude Include="include\crtp_tag.h">
      <Filter>头文件</Filter>
    </ClInclude>
    <ClInclude Include="include\endian_str.h">
      <Filter>头文件</Filter>
    </ClInclude>
    <ClInclude Include="include\make_unique.h">
      <Filter>头文件</Filter>
    </ClInclude>
    <ClInclude Include="include\nbt_tags.h">
      <Filter>头文件</Filter>
    </ClInclude>
    <ClInclude Include="include\nbt_visitor.h">
      <Filter>头文件</Filter>
    </ClInclude>
    <ClInclude Include="include\primitive_detail.h">
      <Filter>头文件</Filter>
    </ClInclude>
    <ClInclude Include="include\tag.h">
      <Filter>头文件</Filter>
    </ClInclude>
    <ClInclude Include="include\tag_array.h">
      <Filter>头文件</Filter>
    </ClInclude>
    <ClInclude Include="include\tag_compound.h">
      <Filter>头文件</Filter>
    </ClInclude>
    <ClInclude Include="include\tag_list.h">
      <Filter>头文件</Filter>
    </ClInclude>
    <ClInclude Include="include\tag_primitive.h">
      <Filter>头文件</Filter>
    </ClInclude>
    <ClInclude Include="include\tag_string.h">
      <Filter>头文件</Filter>
    </ClInclude>
    <ClInclude Include="include\tagfwd.h">
      <Filter>头文件</Filter>
    </ClInclude>
    <ClInclude Include="include\value.h">
      <Filter>头文件</Filter>
    </ClInclude>
    <ClInclude Include="include\value_initializer.h">
      <Filter>头文件</Filter>
    </ClInclude>
    <ClInclude Include="include\nbt_export.h">
      <Filter>头文件</Filter>
    </ClInclude>
  </ItemGroup>
</Project>